Microsoft Visual Studio Solution File, Format Version 12.00
# Visual Studio Version 17
VisualStudioVersion = 17.5.2.0
MinimumVisualStudioVersion = 10.0.40219.1
Project("{2150E333-8FDC-42A3-9474-1A3956D46DE8}") = "backend", "backend", "{1AE8ACA6-933B-BF2A-3671-3E2EAC007D16}"
EndProject
Project("{FAE04EC0-301F-11D3-BF4B-00C04F79EFBC}") = "AgentTeam.Api", "backend\AgentTeam.Api\AgentTeam.Api.csproj", "{7FBDCFF8-B2B5-07A3-3F4D-7974621D736A}"
EndProject
Global
	GlobalSection(SolutionConfigurationPlatforms) = preSolution
		Debug|Any CPU = Debug|Any CPU
		Release|Any CPU = Release|Any CPU
	EndGlobalSection
	GlobalSection(ProjectConfigurationPlatforms) = postSolution
		{7FBDCFF8-B2B5-07A3-3F4D-7974621D736A}.Debug|Any CPU.ActiveCfg = Debug|Any CPU
		{7FBDCFF8-B2B5-07A3-3F4D-7974621D736A}.Debug|Any CPU.Build.0 = Debug|Any CPU
		{7FBDCFF8-B2B5-07A3-3F4D-7974621D736A}.Release|Any CPU.ActiveCfg = Release|Any CPU
		{7FBDCFF8-B2B5-07A3-3F4D-7974621D736A}.Release|Any CPU.Build.0 = Release|Any CPU
	EndGlobalSection
	GlobalSection(SolutionProperties) = preSolution
		HideSolutionNode = FALSE
	EndGlobalSection
	GlobalSection(NestedProjects) = preSolution
		{7FBDCFF8-B2B5-07A3-3F4D-7974621D736A} = {1AE8ACA6-933B-BF2A-3671-3E2EAC007D16}
	EndGlobalSection
	GlobalSection(ExtensibilityGlobals) = postSolution
		SolutionGuid = {4737194C-AF8A-49F0-8D1B-AF88DFC01445}
	EndGlobalSection
EndGlobal
